
Microsoft Visual Studio Solution File, Format Version 12.00
# Visual Studio Version 17
VisualStudioVersion = 17.5.002.0
MinimumVisualStudioVersion = 10.0.40219.1
Project("{9A19103F-16F7-4668-BE54-9A1E7A4F7556}") = "Estacionamento_cSharp", "Estacionamento_cSharp.csproj", "{A9855B95-C55A-4E88-A99A-826DC14F2D33}"
EndProject
Global
	GlobalSection(SolutionConfigurationPlatforms) = preSolution
		Debug|Any CPU = Debug|Any CPU
		Release|Any CPU = Release|Any CPU
	EndGlobalSection
	GlobalSection(ProjectConfigurationPlatforms) = postSolution
		{A9855B95-C55A-4E88-A99A-826DC14F2D33}.Debug|Any CPU.ActiveCfg = Debug|Any CPU
		{A9855B95-C55A-4E88-A99A-826DC14F2D33}.Debug|Any CPU.Build.0 = Debug|Any CPU
		{A9855B95-C55A-4E88-A99A-826DC14F2D33}.Release|Any CPU.ActiveCfg = Release|Any CPU
		{A9855B95-C55A-4E88-A99A-826DC14F2D33}.Release|Any CPU.Build.0 = Release|Any CPU
	EndGlobalSection
	GlobalSection(SolutionProperties) = preSolution
		HideSolutionNode = FALSE
	EndGlobalSection
	GlobalSection(ExtensibilityGlobals) = postSolution
		SolutionGuid = {52832FC6-C00E-4E75-A479-73ECDBE9C9F9}
	EndGlobalSection
EndGlobal
